# @generated - this file is auto-generated by `mise lock` https://mise.jdx.dev/dev-tools/mise-lock.html

[[tools.actionlint]]
version = "1.7.12"
backend = "aqua:rhysd/actionlint"

[tools.actionlint."platforms.linux-x64"]
checksum = "sha256:8aca8db96f1b94770f1b0d72b6dddcb1ebb8123cb3712530b08cc387b349a3d8"
url = "https://github.com/rhysd/actionlint/releases/download/v1.7.12/actionlint_1.7.12_linux_amd64.tar.gz"
url_api = "https://api.github.com/repos/rhysd/actionlint/releases/assets/384924896"
provenance = "github-attestations"

[[tools.doctl]]
version = "1.167.0"
backend = "aqua:digitalocean/doctl"

[tools.doctl."platforms.linux-x64"]
checksum = "sha256:8d7b39ad749698693458aa701c0c8d522035f923455a9bf0ee03a0b01601e51c"
url = "https://github.com/digitalocean/doctl/releases/download/v1.167.0/doctl-1.167.0-linux-amd64.tar.gz"
url_api = "https://api.github.com/repos/digitalocean/doctl/releases/assets/519054636"

[[tools.flux2]]
version = "2.9.4"
backend = "aqua:fluxcd/flux2"

[tools.flux2."platforms.linux-x64"]
checksum = "sha256:c2c397a52930f52d2005c01d276116b059d062de379386d58e98115380a766a2"
url = "https://github.com/fluxcd/flux2/releases/download/v2.9.4/flux_2.9.4_linux_amd64.tar.gz"
url_api = "https://api.github.com/repos/fluxcd/flux2/releases/assets/505259827"

[tools.flux2."platforms.linux-x64".provenance.slsa]
url = "https://github.com/fluxcd/flux2/releases/download/v2.9.4/provenance.intoto.jsonl"

[[tools.fzf]]
version = "0.74.3"
backend = "aqua:junegunn/fzf"

[tools.fzf."platforms.linux-x64"]
checksum = "sha256:3501a595e4b5c40a6b047340a0e8f805c46fd4e61ef95ef8a136ba8c61cf6f22"
url = "https://github.com/junegunn/fzf/releases/download/v0.74.3/fzf-0.74.3-linux_amd64.tar.gz"
url_api = "https://api.github.com/repos/junegunn/fzf/releases/assets/517537066"

[[tools.github-cli]]
version = "2.97.0"
backend = "aqua:cli/cli"

[tools.github-cli."platforms.linux-x64"]
checksum = "sha256:a2c9b8497e1f85b1ad0dfcb78b5a622e098801b8e461e459e88e1ee12f018112"
url = "https://github.com/cli/cli/releases/download/v2.97.0/gh_2.97.0_linux_amd64.tar.gz"
url_api = "https://api.github.com/repos/cli/cli/releases/assets/496108269"
provenance = "github-attestations"

[[tools."github:StackExchange/dnscontrol"]]
version = "4.46.0"
backend = "github:StackExchange/dnscontrol"

[tools."github:StackExchange/dnscontrol"."platforms.linux-x64"]
checksum = "sha256:5dc969acec7ae5867ee8a6b6e08827c2144eef6767a219cff612f84416ca58c1"
url = "https://github.com/DNSControl/dnscontrol/releases/download/v4.46.0/dnscontrol_4.46.0_linux_amd64.tar.gz"
url_api = "https://api.github.com/repos/DNSControl/dnscontrol/releases/assets/506597132"

[[tools."github:cloudnative-pg/cloudnative-pg"]]
version = "1.30.0"
backend = "github:cloudnative-pg/cloudnative-pg"

[tools."github:cloudnative-pg/cloudnative-pg"."platforms.linux-x64"]
checksum = "sha256:33784dc3b61edb0ddb1a68db6ef045bd32daace5db2ec1f0a02e0e8185eef7eb"
url = "https://github.com/cloudnative-pg/cloudnative-pg/releases/download/v1.30.0/kubectl-cnpg_1.30.0_linux_x86_64.tar.gz"
url_api = "https://api.github.com/repos/cloudnative-pg/cloudnative-pg/releases/assets/461307823"
provenance_verified = true

[tools."github:cloudnative-pg/cloudnative-pg"."platforms.linux-x64".provenance.slsa]
url = "https://github.com/cloudnative-pg/cloudnative-pg/releases/download/v1.30.0/multiple.intoto.jsonl"

[[tools."github:home-operations/flate"]]
version = "0.5.0"
backend = "github:home-operations/flate"

[tools."github:home-operations/flate"."platforms.linux-x64"]
checksum = "sha256:1dd5b7e8d2cf968386df7921abc74384f04d1b5b2b95dbee9bd54632bd6c311c"
url = "https://github.com/home-operations/flate/releases/download/v0.5.0/flate_0.5.0_linux_amd64.tar.gz"
url_api = "https://api.github.com/repos/home-operations/flate/releases/assets/506470627"

[[tools."github:robusta-dev/krr"]]
version = "1.29.0"
backend = "github:robusta-dev/krr"

[tools."github:robusta-dev/krr"."platforms.linux-x64"]
checksum = "sha256:0affa7b4ded83a23c8f561fe429595c4ec94f1ea7dc06f145504ce99b453c859"
url = "https://github.com/robusta-dev/krr/releases/download/v1.29.0/krr-ubuntu-latest-v1.29.0.zip"
url_api = "https://api.github.com/repos/robusta-dev/krr/releases/assets/484379939"

[[tools."github:symfony-cli/symfony-cli"]]
version = "5.17.1"
backend = "github:symfony-cli/symfony-cli"

[tools."github:symfony-cli/symfony-cli"."platforms.linux-x64"]
checksum = "sha256:526c26e029427a94f275f06298a12119ed95c7df037ca13b93f29405740d2f4e"
url = "https://github.com/symfony-cli/symfony-cli/releases/download/v5.17.1/symfony-cli_linux_amd64.tar.gz"
url_api = "https://api.github.com/repos/symfony-cli/symfony-cli/releases/assets/390613659"

[[tools.helm]]
version = "4.2.4"
backend = "aqua:helm/helm"

[tools.helm."platforms.linux-x64"]
checksum = "sha256:c306b46f719b0a4da32d0f78ee21bf90ce8d602f15b22ab753f0674d1670a7f3"
url = "https://get.helm.sh/helm-v4.2.4-linux-amd64.tar.gz"

[[tools.k6]]
version = "2.2.0"
backend = "aqua:grafana/k6"

[tools.k6."platforms.linux-x64"]
checksum = "sha256:b5a8003c86f35f5cd5ceef1490312c48e587696c94d998cefc6d7b3b4cb1597d"
url = "https://github.com/grafana/k6/releases/download/v2.2.0/k6-v2.2.0-linux-amd64.tar.gz"
url_api = "https://api.github.com/repos/grafana/k6/releases/assets/508824467"

[[tools.k9s]]
version = "0.51.0"
backend = "aqua:derailed/k9s"

[tools.k9s."platforms.linux-x64"]
checksum = "sha256:c3752ad51a5a4015a113819c4eeb6e55a4d0e4b8e652494797532f6fc8161dd7"
url = "https://github.com/derailed/k9s/releases/download/v0.51.0/k9s_Linux_amd64.tar.gz"
url_api = "https://api.github.com/repos/derailed/k9s/releases/assets/440224321"

[[tools.kind]]
version = "0.32.0"
backend = "aqua:kubernetes-sigs/kind"

[tools.kind."platforms.linux-x64"]
checksum = "sha256:50030de23cf40a18505f20426f6a8506bedf13c6e509244bd1fa9463721b0f54"
url = "https://github.com/kubernetes-sigs/kind/releases/download/v0.32.0/kind-linux-amd64"
url_api = "https://api.github.com/repos/kubernetes-sigs/kind/releases/assets/436442498"

[[tools.kube-linter]]
version = "0.8.3"
backend = "aqua:stackrox/kube-linter"

[tools.kube-linter."platforms.linux-x64"]
checksum = "sha256:618d299a3e2839c8ca9d86fce0db617be0fba41f0fecbbbfb7fbf1c04299fae1"
url = "https://github.com/stackrox/kube-linter/releases/download/v0.8.3/kube-linter-linux"
url_api = "https://api.github.com/repos/stackrox/kube-linter/releases/assets/370825076"
provenance = "cosign"

[[tools.kubeconform]]
version = "0.8.0"
backend = "aqua:yannh/kubeconform"

[tools.kubeconform."platforms.linux-x64"]
checksum = "sha256:9bc2bffbf71f261128533edaf912153948b7ff238f9a531ae6d34466ec287883"
url = "https://github.com/yannh/kubeconform/releases/download/v0.8.0/kubeconform-linux-amd64.tar.gz"
url_api = "https://api.github.com/repos/yannh/kubeconform/releases/assets/438612666"

[[tools.kubectl]]
version = "1.36.4"
backend = "aqua:kubernetes/kubernetes/kubectl"

[tools.kubectl."platforms.linux-x64"]
checksum = "sha256:8b8f088da2dab964f853b38464033b1be15ede2839eca751482357c45abdd05a"
url = "https://dl.k8s.io/v1.36.4/bin/linux/amd64/kubectl"

[[tools.kubeseal]]
version = "0.39.1"
backend = "aqua:bitnami-labs/sealed-secrets"

[tools.kubeseal."platforms.linux-x64"]
checksum = "sha256:785c8316370073426d6ce0b7e9e949bd7ba3709ef7f9e45a900aa07e5596db9c"
url = "https://github.com/bitnami/sealed-secrets/releases/download/v0.39.1/kubeseal-0.39.1-linux-amd64.tar.gz"
url_api = "https://api.github.com/repos/bitnami/sealed-secrets/releases/assets/521998648"

[[tools.markdownlint-cli2]]
version = "0.23.2"
backend = "npm:markdownlint-cli2"

[[tools.navi]]
version = "2.24.0"
backend = "aqua:denisidoro/navi"

[tools.navi."platforms.linux-x64"]
checksum = "blake3:de24e617c0d1f6b229a3e3051c140fb29377ece86c647216b8af97d84cdaf4dc"
url = "https://github.com/denisidoro/navi/releases/download/v2.24.0/navi-v2.24.0-x86_64-unknown-linux-musl.tar.gz"
url_api = "https://api.github.com/repos/denisidoro/navi/releases/assets/224750154"

[[tools.node]]
version = "24.19.0"
backend = "core:node"

[tools.node."platforms.linux-x64"]
checksum = "sha256:f625d97cd707df4ff96254916fbc5ff014f09c09effe5a1e0ca8f6d41a8789d4"
url = "https://nodejs.org/dist/v24.19.0/node-v24.19.0-linux-x64.tar.gz"

[[tools.nova]]
version = "3.12.0"
backend = "aqua:FairwindsOps/nova"

[tools.nova."platforms.linux-x64"]
checksum = "sha256:2360d4078987be2cde006ff02a6f2d4b46962231ab066e2f7297a1180ea50268"
url = "https://github.com/FairwindsOps/nova/releases/download/v3.12.0/nova_3.12.0_linux_amd64.tar.gz"
url_api = "https://api.github.com/repos/FairwindsOps/nova/releases/assets/406886516"
provenance = "cosign"

[[tools.opa]]
version = "1.19.1"
backend = "aqua:open-policy-agent/opa"

[tools.opa."platforms.linux-x64"]
checksum = "sha256:c9f985ce0d345f5484006ade2c695ed9e3f308e4441139e46695c5c182ac0839"
url = "https://github.com/open-policy-agent/opa/releases/download/v1.19.1/opa_linux_amd64_static"
url_api = "https://api.github.com/repos/open-policy-agent/opa/releases/assets/518113083"

[[tools.semgrep]]
version = "1.173.0"
backend = "pipx:semgrep"

[[tools.snyk]]
version = "1.1306.4"
backend = "aqua:snyk/cli"

[tools.snyk."platforms.linux-x64"]
checksum = "sha256:78a83f57a16cb660879cb29f75fcb4a6c1ba07791dceb41e2b840fb89741c95c"
url = "https://github.com/snyk/cli/releases/download/v1.1306.4/snyk-linux"
url_api = "https://api.github.com/repos/snyk/cli/releases/assets/513130050"

[[tools.terraform]]
version = "1.15.9"
backend = "aqua:hashicorp/terraform"

[tools.terraform."platforms.linux-x64"]
checksum = "sha256:76edd0b22d2f27d3d2e097cd793209646f719cf60f02ff3af626b07361137da1"
url = "https://releases.hashicorp.com/terraform/1.15.9/terraform_1.15.9_linux_amd64.zip"

[[tools.tlrc]]
version = "1.13.1"
backend = "aqua:tldr-pages/tlrc"

[tools.tlrc."platforms.linux-x64"]
checksum = "sha256:e63b80e180b956ae2114c39d7fb10e607ffaa46b6d8c370d90868389a228584d"
url = "https://github.com/tldr-pages/tlrc/releases/download/v1.13.1/tlrc-v1.13.1-x86_64-unknown-linux-musl.tar.gz"
url_api = "https://api.github.com/repos/tldr-pages/tlrc/releases/assets/427272680"
provenance = "github-attestations"

[[tools.trufflehog]]
version = "3.97.0"
backend = "aqua:trufflesecurity/trufflehog"

[tools.trufflehog."platforms.linux-x64"]
checksum = "sha256:62224de2f9dd7cd418800feb953760a302ed2f82a7c547fe1146a4874fb179e4"
url = "https://github.com/trufflesecurity/trufflehog/releases/download/v3.97.0/trufflehog_3.97.0_linux_amd64.tar.gz"
url_api = "https://api.github.com/repos/trufflesecurity/trufflehog/releases/assets/514775383"

[[tools.usage]]
version = "5.1.0"
backend = "aqua:jdx/usage"

[tools.usage."platforms.linux-x64"]
checksum = "sha256:a702c639f8e25d1e10f42ab37e09b8f73634c09b23c7abe2ebd6ab6f9665e99c"
url = "https://github.com/jdx/usage/releases/download/v5.1.0/usage-x86_64-unknown-linux-musl.tar.gz"
url_api = "https://api.github.com/repos/jdx/usage/releases/assets/507608023"

[[tools.zizmor]]
version = "1.29.0"
backend = "aqua:zizmorcore/zizmor"

[tools.zizmor."platforms.linux-x64"]
checksum = "sha256:dd96df044a6e8538d5f423790f453bdd03d49e5b2bcc38214acc41a2f1297839"
url = "https://github.com/zizmorcore/zizmor/releases/download/v1.29.0/zizmor-x86_64-unknown-linux-gnu.tar.gz"
url_api = "https://api.github.com/repos/zizmorcore/zizmor/releases/assets/498263145"
provenance = "github-attestations"
