# @generated - this file is auto-generated by `mise lock` https://mise.jdx.dev/dev-tools/mise-lock.html

[[tools.actionlint]]
version = "1.7.12"
backend = "aqua:rhysd/actionlint"

[tools.actionlint."platforms.linux-x64"]
checksum = "sha256:8aca8db96f1b94770f1b0d72b6dddcb1ebb8123cb3712530b08cc387b349a3d8"
url = "https://github.com/rhysd/actionlint/releases/download/v1.7.12/actionlint_1.7.12_linux_amd64.tar.gz"
url_api = "https://api.github.com/repos/rhysd/actionlint/releases/assets/384924896"
provenance = "github-attestations"

[[tools.doctl]]
version = "1.166.0"
backend = "aqua:digitalocean/doctl"

[tools.doctl."platforms.linux-x64"]
checksum = "sha256:1596424b64091a7939bde561daf2402ca8a141966429928e688d20d17091ec89"
url = "https://github.com/digitalocean/doctl/releases/download/v1.166.0/doctl-1.166.0-linux-amd64.tar.gz"
url_api = "https://api.github.com/repos/digitalocean/doctl/releases/assets/496900628"

[[tools.flux2]]
version = "2.9.3"
backend = "aqua:fluxcd/flux2"

[tools.flux2."platforms.linux-x64"]
checksum = "sha256:eae4e8608c0ade2bf4e8dec1669dbb6b0c28b5822b252d97feccfb4fb1181fd2"
url = "https://github.com/fluxcd/flux2/releases/download/v2.9.3/flux_2.9.3_linux_amd64.tar.gz"
url_api = "https://api.github.com/repos/fluxcd/flux2/releases/assets/487338171"

[tools.flux2."platforms.linux-x64".provenance.slsa]
url = "https://github.com/fluxcd/flux2/releases/download/v2.9.3/provenance.intoto.jsonl"

[[tools.github-cli]]
version = "2.97.0"
backend = "aqua:cli/cli"

[tools.github-cli."platforms.linux-x64"]
checksum = "sha256:a2c9b8497e1f85b1ad0dfcb78b5a622e098801b8e461e459e88e1ee12f018112"
url = "https://github.com/cli/cli/releases/download/v2.97.0/gh_2.97.0_linux_amd64.tar.gz"
url_api = "https://api.github.com/repos/cli/cli/releases/assets/496108269"
provenance = "github-attestations"

[[tools."github:home-operations/flate"]]
version = "0.4.12"
backend = "github:home-operations/flate"

[tools."github:home-operations/flate"."platforms.linux-x64"]
checksum = "sha256:85e76d6a47f194efef89b1bf12ac108bfbce3e29fde893e8e76b977ab286c5ac"
url = "https://github.com/home-operations/flate/releases/download/v0.4.12/flate_0.4.12_linux_amd64.tar.gz"
url_api = "https://api.github.com/repos/home-operations/flate/releases/assets/483924707"

[[tools.helm]]
version = "4.2.3"
backend = "aqua:helm/helm"

[tools.helm."platforms.linux-x64"]
checksum = "sha256:e9b88b4ee95b18c706839c28d3a0220e5bc470e9cd9262410c90793c45ff8b7c"
url = "https://get.helm.sh/helm-v4.2.3-linux-amd64.tar.gz"

[[tools.k6]]
version = "2.1.0"
backend = "aqua:grafana/k6"

[tools.k6."platforms.linux-x64"]
checksum = "sha256:295d961ebfca306f295f1133068dcd403a8171c87f387928f5f30b0fbcff858a"
url = "https://github.com/grafana/k6/releases/download/v2.1.0/k6-v2.1.0-linux-amd64.tar.gz"
url_api = "https://api.github.com/repos/grafana/k6/releases/assets/461987498"

[[tools.k9s]]
version = "0.51.0"
backend = "aqua:derailed/k9s"

[tools.k9s."platforms.linux-x64"]
checksum = "sha256:c3752ad51a5a4015a113819c4eeb6e55a4d0e4b8e652494797532f6fc8161dd7"
url = "https://github.com/derailed/k9s/releases/download/v0.51.0/k9s_Linux_amd64.tar.gz"
url_api = "https://api.github.com/repos/derailed/k9s/releases/assets/440224321"

[[tools.kube-linter]]
version = "0.8.3"
backend = "aqua:stackrox/kube-linter"

[tools.kube-linter."platforms.linux-x64"]
checksum = "sha256:618d299a3e2839c8ca9d86fce0db617be0fba41f0fecbbbfb7fbf1c04299fae1"
url = "https://github.com/stackrox/kube-linter/releases/download/v0.8.3/kube-linter-linux"
url_api = "https://api.github.com/repos/stackrox/kube-linter/releases/assets/370825076"
provenance = "cosign"

[[tools.kubeconform]]
version = "0.8.0"
backend = "aqua:yannh/kubeconform"

[tools.kubeconform."platforms.linux-x64"]
checksum = "sha256:9bc2bffbf71f261128533edaf912153948b7ff238f9a531ae6d34466ec287883"
url = "https://github.com/yannh/kubeconform/releases/download/v0.8.0/kubeconform-linux-amd64.tar.gz"
url_api = "https://api.github.com/repos/yannh/kubeconform/releases/assets/438612666"

[[tools.kubectl]]
version = "1.36.3"
backend = "aqua:kubernetes/kubernetes/kubectl"

[tools.kubectl."platforms.linux-x64"]
checksum = "sha256:ebbd080e7c2e275093b55915722043257eb24004363e20acb3c4d71919f88336"
url = "https://dl.k8s.io/v1.36.3/bin/linux/amd64/kubectl"

[[tools.kubeseal]]
version = "0.38.4"
backend = "aqua:bitnami-labs/sealed-secrets"

[tools.kubeseal."platforms.linux-x64"]
checksum = "sha256:ab5ae808b0efcb167a825b6cf7f3a7c0034bd99a6301d78db2012da651a8c0b9"
url = "https://github.com/bitnami/sealed-secrets/releases/download/v0.38.4/kubeseal-0.38.4-linux-amd64.tar.gz"
url_api = "https://api.github.com/repos/bitnami/sealed-secrets/releases/assets/465411933"

[[tools.markdownlint-cli2]]
version = "0.23.2"
backend = "npm:markdownlint-cli2"

[[tools.node]]
version = "24.19.0"
backend = "core:node"

[tools.node."platforms.linux-x64"]
checksum = "sha256:f625d97cd707df4ff96254916fbc5ff014f09c09effe5a1e0ca8f6d41a8789d4"
url = "https://nodejs.org/dist/v24.19.0/node-v24.19.0-linux-x64.tar.gz"

[[tools.nova]]
version = "3.12.0"
backend = "aqua:FairwindsOps/nova"

[tools.nova."platforms.linux-x64"]
checksum = "sha256:2360d4078987be2cde006ff02a6f2d4b46962231ab066e2f7297a1180ea50268"
url = "https://github.com/FairwindsOps/nova/releases/download/v3.12.0/nova_3.12.0_linux_amd64.tar.gz"
url_api = "https://api.github.com/repos/FairwindsOps/nova/releases/assets/406886516"
provenance = "cosign"

[[tools.opa]]
version = "1.19.0"
backend = "aqua:open-policy-agent/opa"

[tools.opa."platforms.linux-x64"]
checksum = "sha256:1dd5c5591ff856f5e20a1d66bafae9511ddf3c5552ed3b5070c70b2b6580ee3f"
url = "https://github.com/open-policy-agent/opa/releases/download/v1.19.0/opa_linux_amd64_static"
url_api = "https://api.github.com/repos/open-policy-agent/opa/releases/assets/495800110"

[[tools.semgrep]]
version = "1.172.0"
backend = "pipx:semgrep"

[[tools.snyk]]
version = "1.1306.3"
backend = "aqua:snyk/cli"

[tools.snyk."platforms.linux-x64"]
checksum = "sha256:a76435dab2cecf567d2be13c5dd5dc5db1bc5959adf0f185e5f9419574ceb6fa"
url = "https://github.com/snyk/cli/releases/download/v1.1306.3/snyk-linux"
url_api = "https://api.github.com/repos/snyk/cli/releases/assets/503922116"

[[tools.terraform]]
version = "1.15.8"
backend = "aqua:hashicorp/terraform"

[tools.terraform."platforms.linux-x64"]
checksum = "sha256:d25ce7b6902013ad905db3d2eab0be4cd905887fe88b81a6171b8d5503c31f3d"
url = "https://releases.hashicorp.com/terraform/1.15.8/terraform_1.15.8_linux_amd64.zip"

[[tools.trufflehog]]
version = "3.96.0"
backend = "aqua:trufflesecurity/trufflehog"

[tools.trufflehog."platforms.linux-x64"]
checksum = "sha256:7105f1cd6577f058a9e39d0578f1a99c8a1e481e4d3512cd8a09acfe22a0fdc0"
url = "https://github.com/trufflesecurity/trufflehog/releases/download/v3.96.0/trufflehog_3.96.0_linux_amd64.tar.gz"
url_api = "https://api.github.com/repos/trufflesecurity/trufflehog/releases/assets/488705116"

[[tools.usage]]
version = "5.0.0"
backend = "aqua:jdx/usage"

[tools.usage."platforms.linux-x64"]
checksum = "sha256:16e87ac9110face925d39a9aae5c90767738df2cc390af1be1f00e625b599280"
url = "https://github.com/jdx/usage/releases/download/v5.0.0/usage-x86_64-unknown-linux-musl.tar.gz"
url_api = "https://api.github.com/repos/jdx/usage/releases/assets/501424566"

[[tools.zizmor]]
version = "1.29.0"
backend = "aqua:zizmorcore/zizmor"

[tools.zizmor."platforms.linux-x64"]
checksum = "sha256:dd96df044a6e8538d5f423790f453bdd03d49e5b2bcc38214acc41a2f1297839"
url = "https://github.com/zizmorcore/zizmor/releases/download/v1.29.0/zizmor-x86_64-unknown-linux-gnu.tar.gz"
url_api = "https://api.github.com/repos/zizmorcore/zizmor/releases/assets/498263145"
provenance = "github-attestations"
